{
  "name": "kenshohara.github.io",
  "version": "1.0.0",
  "lockfileVersion": 1,
  "requires": true,
  "dependencies": {
    "mini.css": {
      "version": "2.3.7",
      "resolved": "https://registry.npmjs.org/mini.css/-/mini.css-2.3.7.tgz",
      "integrity": "sha1-H9AzeX7kVsgHX+gEgnHzX7ICq+U="
    }
  }
}
